// !$*UTF8*$!
{
	archiveVersion = 1;
	classes = {
	};
	objectVersion = 50;
	objects = {

/* Begin PBXBuildFile section */
		25B2680424C6745800AE90A5 /* AppDelegate.swift in Sources */ = {isa = PBXBuildFile; fileRef = 25B2680324C6745800AE90A5 /* AppDelegate.swift */; };
		25B2680624C6745800AE90A5 /* SceneDelegate.swift in Sources */ = {isa = PBXBuildFile; fileRef = 25B2680524C6745800AE90A5 /* SceneDelegate.swift */; };
		25B2680824C6745800AE90A5 /* ViewController.swift in Sources */ = {isa = PBXBuildFile; fileRef = 25B2680724C6745800AE90A5 /* ViewController.swift */; };
		25B2680B24C6745800AE90A5 /* Main.storyboard in Resources */ = {isa = PBXBuildFile; fileRef = 25B2680924C6745800AE90A5 /* Main.storyboard */; };
		25B2680D24C6745D00AE90A5 /* Assets.xcassets in Resources */ = {isa = PBXBuildFile; fileRef = 25B2680C24C6745D00AE90A5 /* Assets.xcassets */; };
		25B2681024C6745D00AE90A5 /* LaunchScreen.storyboard in Resources */ = {isa = PBXBuildFile; fileRef = 25B2680E24C6745D00AE90A5 /* LaunchScreen.storyboard */; };
		25FE51A624C6847F00ED26D6 /* ServiceOfficeTableViewController.swift in Sources */ = {isa = PBXBuildFile; fileRef = 25FE51A524C6847F00ED26D6 /* ServiceOfficeTableViewController.swift */; };
		25FE51A824C686D700ED26D6 /* ServiceOfficeTableViewCell.swift in Sources */ = {isa = PBXBuildFile; fileRef = 25FE51A724C686D700ED26D6 /* ServiceOfficeTableViewCell.swift */; };
		25FE51AA24C6888100ED26D6 /* ServiceOffice.swift in Sources */ = {isa = PBXBuildFile; fileRef = 25FE51A924C6888100ED26D6 /* ServiceOffice.swift */; };
/* End PBXBuildFile section */

/* Begin PBXFileReference section */
		25B2680024C6745800AE90A5 /* Service Office.app */ = {isa = PBXFileReference; explicitFileType = wrapper.application; includeInIndex = 0; path = "Service Office.app"; sourceTree = BUILT_PRODUCTS_DIR; };
		25B2680324C6745800AE90A5 /* AppDelegate.swift */ = {isa = PBXFileReference; lastKnownFileType = sourcecode.swift; path = AppDelegate.swift; sourceTree = "<group>"; };
		25B2680524C6745800AE90A5 /* SceneDelegate.swift */ = {isa = PBXFileReference; lastKnownFileType = sourcecode.swift; path = SceneDelegate.swift; sourceTree = "<group>"; };
		25B2680724C6745800AE90A5 /* ViewController.swift */ = {isa = PBXFileReference; lastKnownFileType = sourcecode.swift; path = ViewController.swift; sourceTree = "<group>"; };
		25B2680A24C6745800AE90A5 /* Base */ = {isa = PBXFileReference; lastKnownFileType = file.storyboard; name = Base; path = Base.lproj/Main.storyboard; sourceTree = "<group>"; };
		25B2680C24C6745D00AE90A5 /* Assets.xcassets */ = {isa = PBXFileReference; lastKnownFileType = folder.assetcatalog; path = Assets.xcassets; sourceTree = "<group>"; };
		25B2680F24C6745D00AE90A5 /* Base */ = {isa = PBXFileReference; lastKnownFileType = file.storyboard; name = Base; path = Base.lproj/LaunchScreen.storyboard; sourceTree = "<group>"; };
		25B2681124C6745D00AE90A5 /* Info.plist */ = {isa = PBXFileReference; lastKnownFileType = text.plist.xml; path = Info.plist; sourceTree = "<group>"; };
		25FE51A524C6847F00ED26D6 /* ServiceOfficeTableViewController.swift */ = {isa = PBXFileReference; lastKnownFileType = sourcecode.swift; path = ServiceOfficeTableViewController.swift; sourceTree = "<group>"; };
		25FE51A724C686D700ED26D6 /* ServiceOfficeTableViewCell.swift */ = {isa = PBXFileReference; lastKnownFileType = sourcecode.swift; path = ServiceOfficeTableViewCell.swift; sourceTree = "<group>"; };
		25FE51A924C6888100ED26D6 /* ServiceOffice.swift */ = {isa = PBXFileReference; lastKnownFileType = sourcecode.swift; path = ServiceOffice.swift; sourceTree = "<group>"; };
/* End PBXFileReference section */

/* Begin PBXFrameworksBuildPhase section */
		25B267FD24C6745800AE90A5 /* Frameworks */ = {
			isa = PBXFrameworksBuildPhase;
			buildActionMask = 2147483647;
			files = (
			);
			runOnlyForDeploymentPostprocessing = 0;
		};
/* End PBXFrameworksBuildPhase section */

/* Begin PBXGroup section */
		25B267F724C6745700AE90A5 = {
			isa = PBXGroup;
			children = (
				25B2680224C6745800AE90A5 /* Service Office */,
				25B2680124C6745800AE90A5 /* Products */,
			);
			sourceTree = "<group>";
		};
		25B2680124C6745800AE90A5 /* Products */ = {
			isa = PBXGroup;
			children = (
				25B2680024C6745800AE90A5 /* Service Office.app */,
			);
			name = Products;
			sourceTree = "<group>";
		};
		25B2680224C6745800AE90A5 /* Service Office */ = {
			isa = PBXGroup;
			children = (
				25B2680324C6745800AE90A5 /* AppDelegate.swift */,
				25B2680524C6745800AE90A5 /* SceneDelegate.swift */,
				25B2680724C6745800AE90A5 /* ViewController.swift */,
				25B2680924C6745800AE90A5 /* Main.storyboard */,
				25B2680C24C6745D00AE90A5 /* Assets.xcassets */,
				25B2680E24C6745D00AE90A5 /* LaunchScreen.storyboard */,
				25B2681124C6745D00AE90A5 /* Info.plist */,
				25FE51A524C6847F00ED26D6 /* ServiceOfficeTableViewController.swift */,
				25FE51A724C686D700ED26D6 /* ServiceOfficeTableViewCell.swift */,
				25FE51A924C6888100ED26D6 /* ServiceOffice.swift */,
			);
			path = "Service Office";
			sourceTree = "<group>";
		};
/* End PBXGroup section */

/* Begin PBXNativeTarget section */
		25B267FF24C6745800AE90A5 /* Service Office */ = {
			isa = PBXNativeTarget;
			buildConfigurationList = 25B2681424C6745D00AE90A5 /* Build configuration list for PBXNativeTarget "Service Office" */;
			buildPhases = (
				25B267FC24C6745800AE90A5 /* Sources */,
				25B267FD24C6745800AE90A5 /* Frameworks */,
				25B267FE24C6745800AE90A5 /* Resources */,
			);
			buildRules = (
			);
			dependencies = (
			);
			name = "Service Office";
			productName = "Service Office";
			productReference = 25B2680024C6745800AE90A5 /* Service Office.app */;
			productType = "com.apple.product-type.application";
		};
/* End PBXNativeTarget section */

/* Begin PBXProject section */
		25B267F824C6745700AE90A5 /* Project object */ = {
			isa = PBXProject;
			attributes = {
				LastSwiftUpdateCheck = 1150;
				LastUpgradeCheck = 1150;
				ORGANIZATIONNAME = "廖昱晴";
				TargetAttributes = {
					25B267FF24C6745800AE90A5 = {
						CreatedOnToolsVersion = 11.5;
					};
				};
			};
			buildConfigurationList = 25B267FB24C6745700AE90A5 /* Build configuration list for PBXProject "Service Office" */;
			compatibilityVersion = "Xcode 9.3";
			developmentRegion = en;
			hasScannedForEncodings = 0;
			knownRegions = (
				en,
				Base,
			);
			mainGroup = 25B267F724C6745700AE90A5;
			productRefGroup = 25B2680124C6745800AE90A5 /* Products */;
			projectDirPath = "";
			projectRoot = "";
			targets = (
				25B267FF24C6745800AE90A5 /* Service Office */,
			);
		};
/* End PBXProject section */

/* Begin PBXResourcesBuildPhase section */
		25B267FE24C6745800AE90A5 /* Resources */ = {
			isa = PBXResourcesBuildPhase;
			buildActionMask = 2147483647;
			files = (
				25B2681024C6745D00AE90A5 /* LaunchScreen.storyboard in Resources */,
				25B2680D24C6745D00AE90A5 /* Assets.xcassets in Resources */,
				25B2680B24C6745800AE90A5 /* Main.storyboard in Resources */,
			);
			runOnlyForDeploymentPostprocessing = 0;
		};
/* End PBXResourcesBuildPhase section */

/* Begin PBXSourcesBuildPhase section */
		25B267FC24C6745800AE90A5 /* Sources */ = {
			isa = PBXSourcesBuildPhase;
			buildActionMask = 2147483647;
			files = (
				25FE51A824C686D700ED26D6 /* ServiceOfficeTableViewCell.swift in Sources */,
				25B2680824C6745800AE90A5 /* ViewController.swift in Sources */,
				25FE51A624C6847F00ED26D6 /* ServiceOfficeTableViewController.swift in Sources */,
				25FE51AA24C6888100ED26D6 /* ServiceOffice.swift in Sources */,
				25B2680424C6745800AE90A5 /* AppDelegate.swift in Sources */,
				25B2680624C6745800AE90A5 /* SceneDelegate.swift in Sources */,
			);
			runOnlyForDeploymentPostprocessing = 0;
		};
/* End PBXSourcesBuildPhase section */

/* Begin PBXVariantGroup section */
		25B2680924C6745800AE90A5 /* Main.storyboard */ = {
			isa = PBXVariantGroup;
			children = (
				25B2680A24C6745800AE90A5 /* Base */,
			);
			name = Main.storyboard;
			sourceTree = "<group>";
		};
		25B2680E24C6745D00AE90A5 /* LaunchScreen.storyboard */ = {
			isa = PBXVariantGroup;
			children = (
				25B2680F24C6745D00AE90A5 /* Base */,
			);
			name = LaunchScreen.storyboard;
			sourceTree = "<group>";
		};
/* End PBXVariantGroup section */

/* Begin XCBuildConfiguration section */
		25B2681224C6745D00AE90A5 /* Debug */ = {
			isa = XCBuildConfiguration;
			buildSettings = {
				ALWAYS_SEARCH_USER_PATHS = NO;
				CLANG_ANALYZER_NONNULL = YES;
				CLANG_ANALYZER_NUMBER_OBJECT_CONVERSION = YES_AGGRESSIVE;
				CLANG_CXX_LANGUAGE_STANDARD = "gnu++14";
				CLANG_CXX_LIBRARY = "libc++";
				CLANG_ENABLE_MODULES = YES;
				CLANG_ENABLE_OBJC_ARC = YES;
				CLANG_ENABLE_OBJC_WEAK = YES;
				CLANG_WARN_BLOCK_CAPTURE_AUTORELEASING = YES;
				CLANG_WARN_BOOL_CONVERSION = YES;
				CLANG_WARN_COMMA = YES;
				CLANG_WARN_CONSTANT_CONVERSION = YES;
				CLANG_WARN_DEPRECATED_OBJC_IMPLEMENTATIONS = YES;
				CLANG_WARN_DIRECT_OBJC_ISA_USAGE = YES_ERROR;
				CLANG_WARN_DOCUMENTATION_COMMENTS = YES;
				CLANG_WARN_EMPTY_BODY = YES;
				CLANG_WARN_ENUM_CONVERSION = YES;
				CLANG_WARN_INFINITE_RECURSION = YES;
				CLANG_WARN_INT_CONVERSION = YES;
				CLANG_WARN_NON_LITERAL_NULL_CONVERSION = YES;
				CLANG_WARN_OBJC_IMPLICIT_RETAIN_SELF = YES;
				CLANG_WARN_OBJC_LITERAL_CONVERSION = YES;
				CLANG_WARN_OBJC_ROOT_CLASS = YES_ERROR;
				CLANG_WARN_RANGE_LOOP_ANALYSIS = YES;
				CLANG_WARN_STRICT_PROTOTYPES = YES;
				CLANG_WARN_SUSPICIOUS_MOVE = YES;
				CLANG_WARN_UNGUARDED_AVAILABILITY = YES_AGGRESSIVE;
				CLANG_WARN_UNREACHABLE_CODE = YES;
				CLANG_WARN__DUPLICATE_METHOD_MATCH = YES;
				COPY_PHASE_STRIP = NO;
				DEBUG_INFORMATION_FORMAT = dwarf;
				ENABLE_STRICT_OBJC_MSGSEND = YES;
				ENABLE_TESTABILITY = YES;
				GCC_C_LANGUAGE_STANDARD = gnu11;
				GCC_DYNAMIC_NO_PIC = NO;
				GCC_NO_COMMON_BLOCKS = YES;
				GCC_OPTIMIZATION_LEVEL = 0;
				GCC_PREPROCESSOR_DEFINITIONS = (
					"DEBUG=1",
					"$(inherited)",
				);
				GCC_WARN_64_TO_32_BIT_CONVERSION = YES;
				GCC_WARN_ABOUT_RETURN_TYPE = YES_ERROR;
				GCC_WARN_UNDECLARED_SELECTOR = YES;
				GCC_WARN_UNINITIALIZED_AUTOS = YES_AGGRESSIVE;
				GCC_WARN_UNUSED_FUNCTION = YES;
				GCC_WARN_UNUSED_VARIABLE = YES;
				IPHONEOS_DEPLOYMENT_TARGET = 13.5;
				MTL_ENABLE_DEBUG_INFO = INCLUDE_SOURCE;
				MTL_FAST_MATH = YES;
				ONLY_ACTIVE_ARCH = YES;
				SDKROOT = iphoneos;
				SWIFT_ACTIVE_COMPILATION_CONDITIONS = DEBUG;
				SWIFT_OPTIMIZATION_LEVEL = "-Onone";
			};
			name = Debug;
		};
		25B2681324C6745D00AE90A5 /* Release */ = {
			isa = XCBuildConfiguration;
			buildSettings = {
				ALWAYS_SEARCH_USER_PATHS = NO;
				CLANG_ANALYZER_NONNULL = YES;
				CLANG_ANALYZER_NUMBER_OBJECT_CONVERSION = YES_AGGRESSIVE;
				CLANG_CXX_LANGUAGE_STANDARD = "gnu++14";
				CLANG_CXX_LIBRARY = "libc++";
				CLANG_ENABLE_MODULES = YES;
				CLANG_ENABLE_OBJC_ARC = YES;
				CLANG_ENABLE_OBJC_WEAK = YES;
				CLANG_WARN_BLOCK_CAPTURE_AUTORELEASING = YES;
				CLANG_WARN_BOOL_CONVERSION = YES;
				CLANG_WARN_COMMA = YES;
				CLANG_WARN_CONSTANT_CONVERSION = YES;
				CLANG_WARN_DEPRECATED_OBJC_IMPLEMENTATIONS = YES;
				CLANG_WARN_DIRECT_OBJC_ISA_USAGE = YES_ERROR;
				CLANG_WARN_DOCUMENTATION_COMMENTS = YES;
				CLANG_WARN_EMPTY_BODY = YES;
				CLANG_WARN_ENUM_CONVERSION = YES;
				CLANG_WARN_INFINITE_RECURSION = YES;
				CLANG_WARN_INT_CONVERSION = YES;
				CLANG_WARN_NON_LITERAL_NULL_CONVERSION = YES;
				CLANG_WARN_OBJC_IMPLICIT_RETAIN_SELF = YES;
				CLANG_WARN_OBJC_LITERAL_CONVERSION = YES;
				CLANG_WARN_OBJC_ROOT_CLASS = YES_ERROR;
				CLANG_WARN_RANGE_LOOP_ANALYSIS = YES;
				CLANG_WARN_STRICT_PROTOTYPES = YES;
				CLANG_WARN_SUSPICIOUS_MOVE = YES;
				CLANG_WARN_UNGUARDED_AVAILABILITY = YES_AGGRESSIVE;
				CLANG_WARN_UNREACHABLE_CODE = YES;
				CLANG_WARN__DUPLICATE_METHOD_MATCH = YES;
				COPY_PHASE_STRIP = NO;
				DEBUG_INFORMATION_FORMAT = "dwarf-with-dsym";
				ENABLE_NS_ASSERTIONS = NO;
				ENABLE_STRICT_OBJC_MSGSEND = YES;
				GCC_C_LANGUAGE_STANDARD = gnu11;
				GCC_NO_COMMON_BLOCKS = YES;
				GCC_WARN_64_TO_32_BIT_CONVERSION = YES;
				GCC_WARN_ABOUT_RETURN_TYPE = YES_ERROR;
				GCC_WARN_UNDECLARED_SELECTOR = YES;
				GCC_WARN_UNINITIALIZED_AUTOS = YES_AGGRESSIVE;
				GCC_WARN_UNUSED_FUNCTION = YES;
				GCC_WARN_UNUSED_VARIABLE = YES;
				IPHONEOS_DEPLOYMENT_TARGET = 13.5;
				MTL_ENABLE_DEBUG_INFO = NO;
				MTL_FAST_MATH = YES;
				SDKROOT = iphoneos;
				SWIFT_COMPILATION_MODE = wholemodule;
				SWIFT_OPTIMIZATION_LEVEL = "-O";
				VALIDATE_PRODUCT = YES;
			};
			name = Release;
		};
		25B2681524C6745D00AE90A5 /* Debug */ = {
			isa = XCBuildConfiguration;
			buildSettings = {
				ASSETCATALOG_COMPILER_APPICON_NAME = AppIcon;
				CODE_SIGN_STYLE = Automatic;
				INFOPLIST_FILE = "Service Office/Info.plist";
				LD_RUNPATH_SEARCH_PATHS = (
					"$(inherited)",
					"@executable_path/Frameworks",
				);
				PRODUCT_BUNDLE_IDENTIFIER = "com.pulin.Service-Office";
				PRODUCT_NAME = "$(TARGET_NAME)";
				SWIFT_VERSION = 5.0;
				TARGETED_DEVICE_FAMILY = "1,2";
			};
			name = Debug;
		};
		25B2681624C6745D00AE90A5 /* Release */ = {
			isa = XCBuildConfiguration;
			buildSettings = {
				ASSETCATALOG_COMPILER_APPICON_NAME = AppIcon;
				CODE_SIGN_STYLE = Automatic;
				INFOPLIST_FILE = "Service Office/Info.plist";
				LD_RUNPATH_SEARCH_PATHS = (
					"$(inherited)",
					"@executable_path/Frameworks",
				);
				PRODUCT_BUNDLE_IDENTIFIER = "com.pulin.Service-Office";
				PRODUCT_NAME = "$(TARGET_NAME)";
				SWIFT_VERSION = 5.0;
				TARGETED_DEVICE_FAMILY = "1,2";
			};
			name = Release;
		};
/* End XCBuildConfiguration section */

/* Begin XCConfigurationList section */
		25B267FB24C6745700AE90A5 /* Build configuration list for PBXProject "Service Office" */ = {
			isa = XCConfigurationList;
			buildConfigurations = (
				25B2681224C6745D00AE90A5 /* Debug */,
				25B2681324C6745D00AE90A5 /* Release */,
			);
			defaultConfigurationIsVisible = 0;
			defaultConfigurationName = Release;
		};
		25B2681424C6745D00AE90A5 /* Build configuration list for PBXNativeTarget "Service Office" */ = {
			isa = XCConfigurationList;
			buildConfigurations = (
				25B2681524C6745D00AE90A5 /* Debug */,
				25B2681624C6745D00AE90A5 /* Release */,
			);
			defaultConfigurationIsVisible = 0;
			defaultConfigurationName = Release;
		};
/* End XCConfigurationList section */
	};
	rootObject = 25B267F824C6745700AE90A5 /* Project object */;
}
